
Microsoft Visual Studio Solution File, Format Version 12.00
# Visual Studio Version 17
VisualStudioVersion = 17.5.33414.496
MinimumVisualStudioVersion = 10.0.40219.1
Project("{FAE04EC0-301F-11D3-BF4B-00C04F79EFBC}") = "MagicVilla_VillaApi", "MagicVilla_VillaApi\MagicVilla_VillaApi.csproj", "{372914F6-77B7-405B-8B8C-0813644D2E37}"
EndProject
Global
	GlobalSection(SolutionConfigurationPlatforms) = preSolution
		Debug|Any CPU = Debug|Any CPU
		Release|Any CPU = Release|Any CPU
	EndGlobalSection
	GlobalSection(ProjectConfigurationPlatforms) = postSolution
		{372914F6-77B7-405B-8B8C-0813644D2E37}.Debug|Any CPU.ActiveCfg = Debug|Any CPU
		{372914F6-77B7-405B-8B8C-0813644D2E37}.Debug|Any CPU.Build.0 = Debug|Any CPU
		{372914F6-77B7-405B-8B8C-0813644D2E37}.Release|Any CPU.ActiveCfg = Release|Any CPU
		{372914F6-77B7-405B-8B8C-0813644D2E37}.Release|Any CPU.Build.0 = Release|Any CPU
	EndGlobalSection
	GlobalSection(SolutionProperties) = preSolution
		HideSolutionNode = FALSE
	EndGlobalSection
	GlobalSection(ExtensibilityGlobals) = postSolution
		SolutionGuid = {14C3028C-9AC3-4684-ACD1-D3FD4AC053A1}
	EndGlobalSection
EndGlobal
